
Microsoft Visual Studio Solution File, Format Version 12.00
# Visual Studio Version 16
VisualStudioVersion = 25.0.1706.12
MinimumVisualStudioVersion = 10.0.40219.1
Project("{FAE04EC0-301F-11D3-BF4B-00C04F79EFBC}") = "Ex03.GarageLogic", "Ex03.GarageLogic\Ex03.GarageLogic.csproj", "{DEA9E4CF-B53D-463A-B629-E9DFF1102E52}"
EndProject
Project("{FAE04EC0-301F-11D3-BF4B-00C04F79EFBC}") = "Ex03.ConsoleUI", "Ex03.ConsoleUI\Ex03.ConsoleUI.csproj", "{E710AF58-FC95-4398-A30F-E7995249A814}"
EndProject
Global
	GlobalSection(SolutionConfigurationPlatforms) = preSolution
		Debug|Any CPU = Debug|Any CPU
		Release|Any CPU = Release|Any CPU
	EndGlobalSection
	GlobalSection(ProjectConfigurationPlatforms) = postSolution
		{DEA9E4CF-B53D-463A-B629-E9DFF1102E52}.Debug|Any CPU.ActiveCfg = Debug|Any CPU
		{DEA9E4CF-B53D-463A-B629-E9DFF1102E52}.Debug|Any CPU.Build.0 = Debug|Any CPU
		{DEA9E4CF-B53D-463A-B629-E9DFF1102E52}.Release|Any CPU.ActiveCfg = Release|Any CPU
		{DEA9E4CF-B53D-463A-B629-E9DFF1102E52}.Release|Any CPU.Build.0 = Release|Any CPU
		{E710AF58-FC95-4398-A30F-E7995249A814}.Debug|Any CPU.ActiveCfg = Debug|Any CPU
		{E710AF58-FC95-4398-A30F-E7995249A814}.Debug|Any CPU.Build.0 = Debug|Any CPU
		{E710AF58-FC95-4398-A30F-E7995249A814}.Release|Any CPU.ActiveCfg = Release|Any CPU
		{E710AF58-FC95-4398-A30F-E7995249A814}.Release|Any CPU.Build.0 = Release|Any CPU
	EndGlobalSection
	GlobalSection(SolutionProperties) = preSolution
		HideSolutionNode = FALSE
	EndGlobalSection
	GlobalSection(ExtensibilityGlobals) = postSolution
		SolutionGuid = {6936BF41-2A0E-48F1-91B6-74E7D9704735}
	EndGlobalSection
EndGlobal
